
Microsoft Visual Studio Solution File, Format Version 12.00
# Visual Studio Version 17
VisualStudioVersion = 17.9.34728.123
MinimumVisualStudioVersion = 10.0.40219.1
Project("{2150E333-8FDC-42A3-9474-1A3956D46DE8}") = "Konu2_Tip_Donusumleri", "Konu2_Tip_Donusumleri", "{395C87F6-2503-4461-8958-0A51C2B7BAE3}"
EndProject
Project("{2150E333-8FDC-42A3-9474-1A3956D46DE8}") = "Konu3_Operatorler", "Konu3_Operatorler", "{B6A4B27E-5CDB-4B59-8B64-DAE76ABE99E8}"
EndProject
Project("{9A19103F-16F7-4668-BE54-9A1E7A4F7556}") = "260109_4_Convert_Tip_Donusumu", "260109_4_Convert_Tip_Donusumu\260109_4_Convert_Tip_Donusumu.csproj", "{B12D1208-CD4B-4999-9DD8-4729CA4EA355}"
EndProject
Project("{2150E333-8FDC-42A3-9474-1A3956D46DE8}") = "Konu1_Veri_Tipleri", "Konu1_Veri_Tipleri", "{D23CC7C5-D9D4-4064-AD56-ABF5B0CB07BC}"
EndProject
Project("{9A19103F-16F7-4668-BE54-9A1E7A4F7556}") = "260113_1_Parse_Tip_Donusumu", "260113_1_Parse_Tip_Donusumu\260113_1_Parse_Tip_Donusumu.csproj", "{66B955AC-0343-4E2A-9797-D0D914E12F57}"
EndProject
Project("{9A19103F-16F7-4668-BE54-9A1E7A4F7556}") = "260113_2_Cast_Tip_Donusumu", "260113_2_Cast_Tip_Donusumu\260113_2_Cast_Tip_Donusumu.csproj", "{E5E8EF2C-2C93-4CDA-9076-8460DA8D7717}"
EndProject
Project("{9A19103F-16F7-4668-BE54-9A1E7A4F7556}") = "260113_3_Tostring_Tip_Donusumu", "260113_3_Tostring_Tip_Donusumu\260113_3_Tostring_Tip_Donusumu.csproj", "{F548906C-3F3E-4083-8C36-0FFD17B8DD7D}"
EndProject
Project("{9A19103F-16F7-4668-BE54-9A1E7A4F7556}") = "260113_4_Ornek", "260113_4_Ornek\260113_4_Ornek.csproj", "{4D5897DD-FAD7-4458-AB75-BF6B2E94F761}"
EndProject
Project("{9A19103F-16F7-4668-BE54-9A1E7A4F7556}") = "260113_5_Odevler", "260113_5_Odevler\260113_5_Odevler.csproj", "{A6B2458A-1591-451F-806B-51E12DEE3E65}"
EndProject
Project("{9A19103F-16F7-4668-BE54-9A1E7A4F7556}") = "260115_1_Aritmetik_Operatorler", "260115_1_Aritmetik_Operatorler\260115_1_Aritmetik_Operatorler.csproj", "{864A53BB-3C47-490C-91F5-52633ED9A168}"
EndProject
Project("{9A19103F-16F7-4668-BE54-9A1E7A4F7556}") = "260115_2_Karsilastirma_Operatorleri", "260115_2_Karsilastirma_Operatorleri\260115_2_Karsilastirma_Operatorleri.csproj", "{598BC609-8213-4701-90A7-0D589F18BCD2}"
EndProject
Project("{9A19103F-16F7-4668-BE54-9A1E7A4F7556}") = "260115_3_Mantiksal_Operatorler", "260115_3_Mantiksal_Operatorler\260115_3_Mantiksal_Operatorler.csproj", "{10F34228-EC1D-458C-9C83-1AD23F31EC18}"
EndProject
Project("{9A19103F-16F7-4668-BE54-9A1E7A4F7556}") = "260115_4_Ornek_Operatorler", "260115_4_Ornek_Operatorler\260115_4_Ornek_Operatorler.csproj", "{81B1B680-2C47-4F13-A018-AA88246AD2AC}"
EndProject
Project("{9A19103F-16F7-4668-BE54-9A1E7A4F7556}") = "260116_1_Atama_Operatorleri", "260116_1_Atama_Operatorleri\260116_1_Atama_Operatorleri.csproj", "{61155255-B933-4F5A-A461-DBF2FC432849}"
EndProject
Project("{9A19103F-16F7-4668-BE54-9A1E7A4F7556}") = "260108_1_Giris_Console", "260108_1_Giris_Console\260108_1_Giris_Console.csproj", "{5E8F2B3B-3B7A-4739-91C8-DE728F3BE3F7}"
EndProject
Project("{9A19103F-16F7-4668-BE54-9A1E7A4F7556}") = "260108_2_Tam_Sayi_Degiskenler", "260108_2_Tam_Sayi_Degiskenler\260108_2_Tam_Sayi_Degiskenler.csproj", "{9411CEB9-5E60-4799-AB5D-B2A2DBA393A6}"
EndProject
Project("{9A19103F-16F7-4668-BE54-9A1E7A4F7556}") = "260108_3_Ondalik_Degiskenler", "260108_3_Ondalik_Degiskenler\260108_3_Ondalik_Degiskenler.csproj", "{4E41F2AB-CD1C-40EB-A9A2-A3A68B4F53C6}"
EndProject
Project("{9A19103F-16F7-4668-BE54-9A1E7A4F7556}") = "260108_4_Metinsel_Degiskenler", "260108_4_Metinsel_Degiskenler\260108_4_Metinsel_Degiskenler.csproj", "{677A6726-1B4B-4E08-AC26-F7A438CB2CE3}"
EndProject
Project("{9A19103F-16F7-4668-BE54-9A1E7A4F7556}") = "260109_1_Tarih_Veri_Tipi", "260109_1_Tarih_Veri_Tipi\260109_1_Tarih_Veri_Tipi.csproj", "{262FAF4C-C98C-4A91-8780-CCE3411EDB06}"
EndProject
Project("{9A19103F-16F7-4668-BE54-9A1E7A4F7556}") = "260109_2_Mantiksal_Veri_Tipi", "260109_2_Mantiksal_Veri_Tipi\260109_2_Mantiksal_Veri_Tipi.csproj", "{B948A993-F7AA-45A8-AD76-B0D0B6CB332F}"
EndProject
Project("{9A19103F-16F7-4668-BE54-9A1E7A4F7556}") = "260109_3_Diger_Data_Tipleri", "260109_3_Diger_Data_Tipleri\260109_3_Diger_Data_Tipleri.csproj", "{436049F2-6A35-4491-A389-237F13DDD0A1}"
EndProject
Project("{9A19103F-16F7-4668-BE54-9A1E7A4F7556}") = "260116_2_Odevler", "260116_2_Odevler\260116_2_Odevler.csproj", "{5BCC6727-0B36-4BEE-8AA8-13EADC6E24D4}"
EndProject
Project("{2150E333-8FDC-42A3-9474-1A3956D46DE8}") = "Konu4_Karar_Yapilari", "Konu4_Karar_Yapilari", "{F63D35A7-FF33-482A-8C4B-FC15B5BAE257}"
EndProject
Project("{9A19103F-16F7-4668-BE54-9A1E7A4F7556}") = "260120_1_Tanim", "260120_1_Tanim\260120_1_Tanim.csproj", "{6CB1E659-00E5-4FBC-BD77-BA160CB2D6FC}"
EndProject
Project("{9A19103F-16F7-4668-BE54-9A1E7A4F7556}") = "260120_2_if_else_ornek", "260120_2_if_else_ornek\260120_2_if_else_ornek.csproj", "{475B3F6D-4AEA-413E-BD9A-CB1AC053C531}"
EndProject
Project("{9A19103F-16F7-4668-BE54-9A1E7A4F7556}") = "260120_3_if_else_Login", "260120_3_if_else_Login\260120_3_if_else_Login.csproj", "{8F5A3ECA-74DB-471C-9614-E3ED52078C1F}"
EndProject
Project("{9A19103F-16F7-4668-BE54-9A1E7A4F7556}") = "260120_4_if_else_maas_cinsiyet", "260120_4_if_else_maas_cinsiyet\260120_4_if_else_maas_cinsiyet.csproj", "{EF358E40-F9A8-4F8C-BCF7-6B20CD3DE1EE}"
EndProject
Project("{9A19103F-16F7-4668-BE54-9A1E7A4F7556}") = "260120_5_if_elseif_else_tanim", "260120_5_if_elseif_else_tanim\260120_5_if_elseif_else_tanim.csproj", "{51C6DB97-E5B4-4809-A375-3BF230B87C46}"
EndProject
Project("{9A19103F-16F7-4668-BE54-9A1E7A4F7556}") = "260120_6_Odev_if_elseif_else", "260120_6_Odev_if_elseif_else\260120_6_Odev_if_elseif_else.csproj", "{E42F0C10-0133-4BB6-A7A4-40EF3D6A1A08}"
EndProject
Project("{9A19103F-16F7-4668-BE54-9A1E7A4F7556}") = "260121_1_if_elseif_else_fatura", "260121_1_if_elseif_else_fatura\260121_1_if_elseif_else_fatura.csproj", "{3FFB7477-5C20-430D-9F32-310B229CD846}"
EndProject
Project("{9A19103F-16F7-4668-BE54-9A1E7A4F7556}") = "260121_2_siralama", "260121_2_siralama\260121_2_siralama.csproj", "{59FA2BEE-2850-4D99-A67C-59DA4D36CB37}"
EndProject
Project("{9A19103F-16F7-4668-BE54-9A1E7A4F7556}") = "260121_3_emekli_if_elseif_else", "260121_3_emekli_if_elseif_else\260121_3_emekli_if_elseif_else.csproj", "{77CF8E84-F946-4184-B4FC-C94FA9C0DD29}"
EndProject
Project("{9A19103F-16F7-4668-BE54-9A1E7A4F7556}") = "260121_4_maas_zam", "260121_4_maas_zam\260121_4_maas_zam.csproj", "{324128FD-03F3-450C-B6DA-492346C7DBED}"
EndProject
Project("{9A19103F-16F7-4668-BE54-9A1E7A4F7556}") = "260123_1_switch_case", "260123_1_switch_case\260123_1_switch_case.csproj", "{202D2D07-16E4-40C8-8A75-B58294ECF53F}"
EndProject
Project("{9A19103F-16F7-4668-BE54-9A1E7A4F7556}") = "260123_2_switch_case_ornek1", "260123_2_switch_case_ornek1\260123_2_switch_case_ornek1.csproj", "{B99BEBCA-F346-4D61-AED2-C12564B1272B}"
EndProject
Project("{9A19103F-16F7-4668-BE54-9A1E7A4F7556}") = "260123_3_ternary_operatoru", "260123_3_ternary_operatoru\260123_3_ternary_operatoru.csproj", "{0EE69BA0-F874-463D-A3FF-5AB801BA1CB4}"
EndProject
Project("{2150E333-8FDC-42A3-9474-1A3956D46DE8}") = "Konu5_Donguler_Diziler", "Konu5_Donguler_Diziler", "{B60D7C9C-DF26-4EA2-A223-D04C3C3C9017}"
EndProject
Project("{9A19103F-16F7-4668-BE54-9A1E7A4F7556}") = "260123_4_while", "260123_4_while\260123_4_while.csproj", "{BAA9F980-1B78-4F8D-9E5C-7C1F3F80F11E}"
EndProject
Project("{9A19103F-16F7-4668-BE54-9A1E7A4F7556}") = "260123_5_while_ornek1", "260123_5_while_ornek1\260123_5_while_ornek1.csproj", "{467263A0-D6C2-4134-9EF7-2C1880408599}"
EndProject
Project("{9A19103F-16F7-4668-BE54-9A1E7A4F7556}") = "260123_6_while_ornek2", "260123_6_while_ornek2\260123_6_while_ornek2.csproj", "{012140CB-2110-428B-BAD7-A1BEA58D6CA2}"
EndProject
Project("{9A19103F-16F7-4668-BE54-9A1E7A4F7556}") = "260127_1_Super_sayi_While", "260127_1_Super_sayi_While\260127_1_Super_sayi_While.csproj", "{8EC2B19C-74EE-4F15-8666-11153C090746}"
EndProject
Project("{9A19103F-16F7-4668-BE54-9A1E7A4F7556}") = "260127_2_do_while", "260127_2_do_while\260127_2_do_while.csproj", "{35BA2245-9DFF-4F73-885E-1594FBAF97E8}"
EndProject
Project("{9A19103F-16F7-4668-BE54-9A1E7A4F7556}") = "260127_3_do_while_ornek1", "260127_3_do_while_ornek1\260127_3_do_while_ornek1.csproj", "{54F4908F-7F17-4242-845C-2D98882C66F0}"
EndProject
Project("{9A19103F-16F7-4668-BE54-9A1E7A4F7556}") = "260129_1_for_Dongusu", "260129_1_for_Dongusu\260129_1_for_Dongusu.csproj", "{62545008-CE94-4C7C-87A9-5A9F05D89581}"
EndProject
Project("{9A19103F-16F7-4668-BE54-9A1E7A4F7556}") = "260129_2_for_ornek1", "260129_2_for_ornek1\260129_2_for_ornek1.csproj", "{7FABB4E2-E29E-450F-9716-05F7BAB5F098}"
EndProject
Project("{9A19103F-16F7-4668-BE54-9A1E7A4F7556}") = "260129_3_for_ornek2", "260129_3_for_ornek2\260129_3_for_ornek2.csproj", "{64B393B4-CC72-4C3D-879D-6EAA5E8899C0}"
EndProject
Project("{9A19103F-16F7-4668-BE54-9A1E7A4F7556}") = "260129_4_for_ters_gosterme", "260129_4_for_ters_gosterme\260129_4_for_ters_gosterme.csproj", "{0E9676B3-778E-4FDE-A501-C7751453EE47}"
EndProject
Project("{9A19103F-16F7-4668-BE54-9A1E7A4F7556}") = "260129_5_for_dik_ucgen", "260129_5_for_dik_ucgen\260129_5_for_dik_ucgen.csproj", "{EA2ED19F-1941-499A-83BA-7E0E14165407}"
EndProject
Project("{9A19103F-16F7-4668-BE54-9A1E7A4F7556}") = "260129_6_for_dik_ucgen_ters_say", "260129_6_for_dik_ucgen_ters_say\260129_6_for_dik_ucgen_ters_say.csproj", "{029C75F7-7C70-48D9-9B77-8095CF245C02}"
EndProject
Project("{9A19103F-16F7-4668-BE54-9A1E7A4F7556}") = "260129_7_ters_dik_ucgen_for", "260129_7_ters_dik_ucgen_for\260129_7_ters_dik_ucgen_for.csproj", "{612EF70C-F8D1-4521-BCBB-569CBA4B9CEF}"
EndProject
Project("{9A19103F-16F7-4668-BE54-9A1E7A4F7556}") = "260130_1_Diziler", "260130_1_Diziler\260130_1_Diziler.csproj", "{40E50056-FDAA-41AC-B8C8-AF3338EC4BCC}"
EndProject
Project("{9A19103F-16F7-4668-BE54-9A1E7A4F7556}") = "260130_2_dizi_ornek1", "260130_2_dizi_ornek1\260130_2_dizi_ornek1.csproj", "{3E92FC93-32EE-44CB-B49A-6B5A5C7B8B72}"
EndProject
Project("{9A19103F-16F7-4668-BE54-9A1E7A4F7556}") = "260130_3_dizi_while", "260130_3_dizi_while\260130_3_dizi_while.csproj", "{680E709D-A70A-43F5-9C45-8D9CE65BE191}"
EndProject
Project("{9A19103F-16F7-4668-BE54-9A1E7A4F7556}") = "260130_4_dizi_ornek3", "260130_4_dizi_ornek3\260130_4_dizi_ornek3.csproj", "{008E674A-7E65-47FA-B9E7-080C7A4F0AF5}"
EndProject
Project("{9A19103F-16F7-4668-BE54-9A1E7A4F7556}") = "260130_5_dizi_ornek", "260130_5_dizi_ornek\260130_5_dizi_ornek.csproj", "{C04426AF-1CEC-4F7C-A873-BD6ADF6A4CFF}"
EndProject
Project("{9A19103F-16F7-4668-BE54-9A1E7A4F7556}") = "260130_6_dizi_random", "260130_6_dizi_random\260130_6_dizi_random.csproj", "{E537D77E-8EE1-478B-B62E-B335A6CF9776}"
EndProject
Project("{9A19103F-16F7-4668-BE54-9A1E7A4F7556}") = "260203_1_Dizin_siralama_sorusu", "260203_1_Dizin_siralama_sorusu\260203_1_Dizin_siralama_sorusu.csproj", "{26E665D8-7BD8-474E-9338-C878B5C377C3}"
EndProject
Project("{2150E333-8FDC-42A3-9474-1A3956D46DE8}") = "Konu6_Collection_foreach", "Konu6_Collection_foreach", "{88287584-6FDE-4C65-9CBB-99870A6AF546}"
EndProject
Project("{9A19103F-16F7-4668-BE54-9A1E7A4F7556}") = "260203_2_dizi_arraylist", "260203_2_collection\260203_2_dizi_arraylist.csproj", "{37224580-24A0-499F-B6DB-B19BAA5DB5F2}"
EndProject
Project("{FAE04EC0-301F-11D3-BF4B-00C04F79EFBC}") = "260205_1_foreach_tanim", "260205_1_foreach_tanim\260205_1_foreach_tanim.csproj", "{6DB50B30-3D9F-4C5E-B3F7-789D167DAE3E}"
EndProject
Project("{FAE04EC0-301F-11D3-BF4B-00C04F79EFBC}") = "260205_2_collection", "260205_2_collection\260205_2_collection.csproj", "{87CE5F20-7071-4922-930D-AA481CC48E59}"
EndProject
Project("{2150E333-8FDC-42A3-9474-1A3956D46DE8}") = "Konu7_Method_Function", "Konu7_Method_Function", "{0082FBBC-FA65-4F32-9FB8-06F2FDABE201}"
EndProject
Project("{FAE04EC0-301F-11D3-BF4B-00C04F79EFBC}") = "260205_3_collection_ornek1", "260205_3_collection_ornek1\260205_3_collection_ornek1.csproj", "{60C47E84-5978-4E70-8791-23F58324A1E8}"
EndProject
Global
	GlobalSection(SolutionConfigurationPlatforms) = preSolution
		Debug|Any CPU = Debug|Any CPU
		Release|Any CPU = Release|Any CPU
	EndGlobalSection
	GlobalSection(ProjectConfigurationPlatforms) = postSolution
		{B12D1208-CD4B-4999-9DD8-4729CA4EA355}.Debug|Any CPU.ActiveCfg = Debug|Any CPU
		{B12D1208-CD4B-4999-9DD8-4729CA4EA355}.Debug|Any CPU.Build.0 = Debug|Any CPU
		{B12D1208-CD4B-4999-9DD8-4729CA4EA355}.Release|Any CPU.ActiveCfg = Release|Any CPU
		{B12D1208-CD4B-4999-9DD8-4729CA4EA355}.Release|Any CPU.Build.0 = Release|Any CPU
		{66B955AC-0343-4E2A-9797-D0D914E12F57}.Debug|Any CPU.ActiveCfg = Debug|Any CPU
		{66B955AC-0343-4E2A-9797-D0D914E12F57}.Debug|Any CPU.Build.0 = Debug|Any CPU
		{66B955AC-0343-4E2A-9797-D0D914E12F57}.Release|Any CPU.ActiveCfg = Release|Any CPU
		{66B955AC-0343-4E2A-9797-D0D914E12F57}.Release|Any CPU.Build.0 = Release|Any CPU
		{E5E8EF2C-2C93-4CDA-9076-8460DA8D7717}.Debug|Any CPU.ActiveCfg = Debug|Any CPU
		{E5E8EF2C-2C93-4CDA-9076-8460DA8D7717}.Debug|Any CPU.Build.0 = Debug|Any CPU
		{E5E8EF2C-2C93-4CDA-9076-8460DA8D7717}.Release|Any CPU.ActiveCfg = Release|Any CPU
		{E5E8EF2C-2C93-4CDA-9076-8460DA8D7717}.Release|Any CPU.Build.0 = Release|Any CPU
		{F548906C-3F3E-4083-8C36-0FFD17B8DD7D}.Debug|Any CPU.ActiveCfg = Debug|Any CPU
		{F548906C-3F3E-4083-8C36-0FFD17B8DD7D}.Debug|Any CPU.Build.0 = Debug|Any CPU
		{F548906C-3F3E-4083-8C36-0FFD17B8DD7D}.Release|Any CPU.ActiveCfg = Release|Any CPU
		{F548906C-3F3E-4083-8C36-0FFD17B8DD7D}.Release|Any CPU.Build.0 = Release|Any CPU
		{4D5897DD-FAD7-4458-AB75-BF6B2E94F761}.Debug|Any CPU.ActiveCfg = Debug|Any CPU
		{4D5897DD-FAD7-4458-AB75-BF6B2E94F761}.Debug|Any CPU.Build.0 = Debug|Any CPU
		{4D5897DD-FAD7-4458-AB75-BF6B2E94F761}.Release|Any CPU.ActiveCfg = Release|Any CPU
		{4D5897DD-FAD7-4458-AB75-BF6B2E94F761}.Release|Any CPU.Build.0 = Release|Any CPU
		{A6B2458A-1591-451F-806B-51E12DEE3E65}.Debug|Any CPU.ActiveCfg = Debug|Any CPU
		{A6B2458A-1591-451F-806B-51E12DEE3E65}.Debug|Any CPU.Build.0 = Debug|Any CPU
		{A6B2458A-1591-451F-806B-51E12DEE3E65}.Release|Any CPU.ActiveCfg = Release|Any CPU
		{A6B2458A-1591-451F-806B-51E12DEE3E65}.Release|Any CPU.Build.0 = Release|Any CPU
		{864A53BB-3C47-490C-91F5-52633ED9A168}.Debug|Any CPU.ActiveCfg = Debug|Any CPU
		{864A53BB-3C47-490C-91F5-52633ED9A168}.Debug|Any CPU.Build.0 = Debug|Any CPU
		{864A53BB-3C47-490C-91F5-52633ED9A168}.Release|Any CPU.ActiveCfg = Release|Any CPU
		{864A53BB-3C47-490C-91F5-52633ED9A168}.Release|Any CPU.Build.0 = Release|Any CPU
		{598BC609-8213-4701-90A7-0D589F18BCD2}.Debug|Any CPU.ActiveCfg = Debug|Any CPU
		{598BC609-8213-4701-90A7-0D589F18BCD2}.Debug|Any CPU.Build.0 = Debug|Any CPU
		{598BC609-8213-4701-90A7-0D589F18BCD2}.Release|Any CPU.ActiveCfg = Release|Any CPU
		{598BC609-8213-4701-90A7-0D589F18BCD2}.Release|Any CPU.Build.0 = Release|Any CPU
		{10F34228-EC1D-458C-9C83-1AD23F31EC18}.Debug|Any CPU.ActiveCfg = Debug|Any CPU
		{10F34228-EC1D-458C-9C83-1AD23F31EC18}.Debug|Any CPU.Build.0 = Debug|Any CPU
		{10F34228-EC1D-458C-9C83-1AD23F31EC18}.Release|Any CPU.ActiveCfg = Release|Any CPU
		{10F34228-EC1D-458C-9C83-1AD23F31EC18}.Release|Any CPU.Build.0 = Release|Any CPU
		{81B1B680-2C47-4F13-A018-AA88246AD2AC}.Debug|Any CPU.ActiveCfg = Debug|Any CPU
		{81B1B680-2C47-4F13-A018-AA88246AD2AC}.Debug|Any CPU.Build.0 = Debug|Any CPU
		{81B1B680-2C47-4F13-A018-AA88246AD2AC}.Release|Any CPU.ActiveCfg = Release|Any CPU
		{81B1B680-2C47-4F13-A018-AA88246AD2AC}.Release|Any CPU.Build.0 = Release|Any CPU
		{61155255-B933-4F5A-A461-DBF2FC432849}.Debug|Any CPU.ActiveCfg = Debug|Any CPU
		{61155255-B933-4F5A-A461-DBF2FC432849}.Debug|Any CPU.Build.0 = Debug|Any CPU
		{61155255-B933-4F5A-A461-DBF2FC432849}.Release|Any CPU.ActiveCfg = Release|Any CPU
		{61155255-B933-4F5A-A461-DBF2FC432849}.Release|Any CPU.Build.0 = Release|Any CPU
		{5E8F2B3B-3B7A-4739-91C8-DE728F3BE3F7}.Debug|Any CPU.ActiveCfg = Debug|Any CPU
		{5E8F2B3B-3B7A-4739-91C8-DE728F3BE3F7}.Debug|Any CPU.Build.0 = Debug|Any CPU
		{5E8F2B3B-3B7A-4739-91C8-DE728F3BE3F7}.Release|Any CPU.ActiveCfg = Release|Any CPU
		{5E8F2B3B-3B7A-4739-91C8-DE728F3BE3F7}.Release|Any CPU.Build.0 = Release|Any CPU
		{9411CEB9-5E60-4799-AB5D-B2A2DBA393A6}.Debug|Any CPU.ActiveCfg = Debug|Any CPU
		{9411CEB9-5E60-4799-AB5D-B2A2DBA393A6}.Debug|Any CPU.Build.0 = Debug|Any CPU
		{9411CEB9-5E60-4799-AB5D-B2A2DBA393A6}.Release|Any CPU.ActiveCfg = Release|Any CPU
		{9411CEB9-5E60-4799-AB5D-B2A2DBA393A6}.Release|Any CPU.Build.0 = Release|Any CPU
		{4E41F2AB-CD1C-40EB-A9A2-A3A68B4F53C6}.Debug|Any CPU.ActiveCfg = Debug|Any CPU
		{4E41F2AB-CD1C-40EB-A9A2-A3A68B4F53C6}.Debug|Any CPU.Build.0 = Debug|Any CPU
		{4E41F2AB-CD1C-40EB-A9A2-A3A68B4F53C6}.Release|Any CPU.ActiveCfg = Release|Any CPU
		{4E41F2AB-CD1C-40EB-A9A2-A3A68B4F53C6}.Release|Any CPU.Build.0 = Release|Any CPU
		{677A6726-1B4B-4E08-AC26-F7A438CB2CE3}.Debug|Any CPU.ActiveCfg = Debug|Any CPU
		{677A6726-1B4B-4E08-AC26-F7A438CB2CE3}.Debug|Any CPU.Build.0 = Debug|Any CPU
		{677A6726-1B4B-4E08-AC26-F7A438CB2CE3}.Release|Any CPU.ActiveCfg = Release|Any CPU
		{677A6726-1B4B-4E08-AC26-F7A438CB2CE3}.Release|Any CPU.Build.0 = Release|Any CPU
		{262FAF4C-C98C-4A91-8780-CCE3411EDB06}.Debug|Any CPU.ActiveCfg = Debug|Any CPU
		{262FAF4C-C98C-4A91-8780-CCE3411EDB06}.Debug|Any CPU.Build.0 = Debug|Any CPU
		{262FAF4C-C98C-4A91-8780-CCE3411EDB06}.Release|Any CPU.ActiveCfg = Release|Any CPU
		{262FAF4C-C98C-4A91-8780-CCE3411EDB06}.Release|Any CPU.Build.0 = Release|Any CPU
		{B948A993-F7AA-45A8-AD76-B0D0B6CB332F}.Debug|Any CPU.ActiveCfg = Debug|Any CPU
		{B948A993-F7AA-45A8-AD76-B0D0B6CB332F}.Debug|Any CPU.Build.0 = Debug|Any CPU
		{B948A993-F7AA-45A8-AD76-B0D0B6CB332F}.Release|Any CPU.ActiveCfg = Release|Any CPU
		{B948A993-F7AA-45A8-AD76-B0D0B6CB332F}.Release|Any CPU.Build.0 = Release|Any CPU
		{436049F2-6A35-4491-A389-237F13DDD0A1}.Debug|Any CPU.ActiveCfg = Debug|Any CPU
		{436049F2-6A35-4491-A389-237F13DDD0A1}.Debug|Any CPU.Build.0 = Debug|Any CPU
		{436049F2-6A35-4491-A389-237F13DDD0A1}.Release|Any CPU.ActiveCfg = Release|Any CPU
		{436049F2-6A35-4491-A389-237F13DDD0A1}.Release|Any CPU.Build.0 = Release|Any CPU
		{5BCC6727-0B36-4BEE-8AA8-13EADC6E24D4}.Debug|Any CPU.ActiveCfg = Debug|Any CPU
		{5BCC6727-0B36-4BEE-8AA8-13EADC6E24D4}.Debug|Any CPU.Build.0 = Debug|Any CPU
		{5BCC6727-0B36-4BEE-8AA8-13EADC6E24D4}.Release|Any CPU.ActiveCfg = Release|Any CPU
		{5BCC6727-0B36-4BEE-8AA8-13EADC6E24D4}.Release|Any CPU.Build.0 = Release|Any CPU
		{6CB1E659-00E5-4FBC-BD77-BA160CB2D6FC}.Debug|Any CPU.ActiveCfg = Debug|Any CPU
		{6CB1E659-00E5-4FBC-BD77-BA160CB2D6FC}.Debug|Any CPU.Build.0 = Debug|Any CPU
		{6CB1E659-00E5-4FBC-BD77-BA160CB2D6FC}.Release|Any CPU.ActiveCfg = Release|Any CPU
		{6CB1E659-00E5-4FBC-BD77-BA160CB2D6FC}.Release|Any CPU.Build.0 = Release|Any CPU
		{475B3F6D-4AEA-413E-BD9A-CB1AC053C531}.Debug|Any CPU.ActiveCfg = Debug|Any CPU
		{475B3F6D-4AEA-413E-BD9A-CB1AC053C531}.Debug|Any CPU.Build.0 = Debug|Any CPU
		{475B3F6D-4AEA-413E-BD9A-CB1AC053C531}.Release|Any CPU.ActiveCfg = Release|Any CPU
		{475B3F6D-4AEA-413E-BD9A-CB1AC053C531}.Release|Any CPU.Build.0 = Release|Any CPU
		{8F5A3ECA-74DB-471C-9614-E3ED52078C1F}.Debug|Any CPU.ActiveCfg = Debug|Any CPU
		{8F5A3ECA-74DB-471C-9614-E3ED52078C1F}.Debug|Any CPU.Build.0 = Debug|Any CPU
		{8F5A3ECA-74DB-471C-9614-E3ED52078C1F}.Release|Any CPU.ActiveCfg = Release|Any CPU
		{8F5A3ECA-74DB-471C-9614-E3ED52078C1F}.Release|Any CPU.Build.0 = Release|Any CPU
		{EF358E40-F9A8-4F8C-BCF7-6B20CD3DE1EE}.Debug|Any CPU.ActiveCfg = Debug|Any CPU
		{EF358E40-F9A8-4F8C-BCF7-6B20CD3DE1EE}.Debug|Any CPU.Build.0 = Debug|Any CPU
		{EF358E40-F9A8-4F8C-BCF7-6B20CD3DE1EE}.Release|Any CPU.ActiveCfg = Release|Any CPU
		{EF358E40-F9A8-4F8C-BCF7-6B20CD3DE1EE}.Release|Any CPU.Build.0 = Release|Any CPU
		{51C6DB97-E5B4-4809-A375-3BF230B87C46}.Debug|Any CPU.ActiveCfg = Debug|Any CPU
		{51C6DB97-E5B4-4809-A375-3BF230B87C46}.Debug|Any CPU.Build.0 = Debug|Any CPU
		{51C6DB97-E5B4-4809-A375-3BF230B87C46}.Release|Any CPU.ActiveCfg = Release|Any CPU
		{51C6DB97-E5B4-4809-A375-3BF230B87C46}.Release|Any CPU.Build.0 = Release|Any CPU
		{E42F0C10-0133-4BB6-A7A4-40EF3D6A1A08}.Debug|Any CPU.ActiveCfg = Debug|Any CPU
		{E42F0C10-0133-4BB6-A7A4-40EF3D6A1A08}.Debug|Any CPU.Build.0 = Debug|Any CPU
		{E42F0C10-0133-4BB6-A7A4-40EF3D6A1A08}.Release|Any CPU.ActiveCfg = Release|Any CPU
		{E42F0C10-0133-4BB6-A7A4-40EF3D6A1A08}.Release|Any CPU.Build.0 = Release|Any CPU
		{3FFB7477-5C20-430D-9F32-310B229CD846}.Debug|Any CPU.ActiveCfg = Debug|Any CPU
		{3FFB7477-5C20-430D-9F32-310B229CD846}.Debug|Any CPU.Build.0 = Debug|Any CPU
		{3FFB7477-5C20-430D-9F32-310B229CD846}.Release|Any CPU.ActiveCfg = Release|Any CPU
		{3FFB7477-5C20-430D-9F32-310B229CD846}.Release|Any CPU.Build.0 = Release|Any CPU
		{59FA2BEE-2850-4D99-A67C-59DA4D36CB37}.Debug|Any CPU.ActiveCfg = Debug|Any CPU
		{59FA2BEE-2850-4D99-A67C-59DA4D36CB37}.Debug|Any CPU.Build.0 = Debug|Any CPU
		{59FA2BEE-2850-4D99-A67C-59DA4D36CB37}.Release|Any CPU.ActiveCfg = Release|Any CPU
		{59FA2BEE-2850-4D99-A67C-59DA4D36CB37}.Release|Any CPU.Build.0 = Release|Any CPU
		{77CF8E84-F946-4184-B4FC-C94FA9C0DD29}.Debug|Any CPU.ActiveCfg = Debug|Any CPU
		{77CF8E84-F946-4184-B4FC-C94FA9C0DD29}.Debug|Any CPU.Build.0 = Debug|Any CPU
		{77CF8E84-F946-4184-B4FC-C94FA9C0DD29}.Release|Any CPU.ActiveCfg = Release|Any CPU
		{77CF8E84-F946-4184-B4FC-C94FA9C0DD29}.Release|Any CPU.Build.0 = Release|Any CPU
		{324128FD-03F3-450C-B6DA-492346C7DBED}.Debug|Any CPU.ActiveCfg = Debug|Any CPU
		{324128FD-03F3-450C-B6DA-492346C7DBED}.Debug|Any CPU.Build.0 = Debug|Any CPU
		{324128FD-03F3-450C-B6DA-492346C7DBED}.Release|Any CPU.ActiveCfg = Release|Any CPU
		{324128FD-03F3-450C-B6DA-492346C7DBED}.Release|Any CPU.Build.0 = Release|Any CPU
		{202D2D07-16E4-40C8-8A75-B58294ECF53F}.Debug|Any CPU.ActiveCfg = Debug|Any CPU
		{202D2D07-16E4-40C8-8A75-B58294ECF53F}.Debug|Any CPU.Build.0 = Debug|Any CPU
		{202D2D07-16E4-40C8-8A75-B58294ECF53F}.Release|Any CPU.ActiveCfg = Release|Any CPU
		{202D2D07-16E4-40C8-8A75-B58294ECF53F}.Release|Any CPU.Build.0 = Release|Any CPU
		{B99BEBCA-F346-4D61-AED2-C12564B1272B}.Debug|Any CPU.ActiveCfg = Debug|Any CPU
		{B99BEBCA-F346-4D61-AED2-C12564B1272B}.Debug|Any CPU.Build.0 = Debug|Any CPU
		{B99BEBCA-F346-4D61-AED2-C12564B1272B}.Release|Any CPU.ActiveCfg = Release|Any CPU
		{B99BEBCA-F346-4D61-AED2-C12564B1272B}.Release|Any CPU.Build.0 = Release|Any CPU
		{0EE69BA0-F874-463D-A3FF-5AB801BA1CB4}.Debug|Any CPU.ActiveCfg = Debug|Any CPU
		{0EE69BA0-F874-463D-A3FF-5AB801BA1CB4}.Debug|Any CPU.Build.0 = Debug|Any CPU
		{0EE69BA0-F874-463D-A3FF-5AB801BA1CB4}.Release|Any CPU.ActiveCfg = Release|Any CPU
		{0EE69BA0-F874-463D-A3FF-5AB801BA1CB4}.Release|Any CPU.Build.0 = Release|Any CPU
		{BAA9F980-1B78-4F8D-9E5C-7C1F3F80F11E}.Debug|Any CPU.ActiveCfg = Debug|Any CPU
		{BAA9F980-1B78-4F8D-9E5C-7C1F3F80F11E}.Debug|Any CPU.Build.0 = Debug|Any CPU
		{BAA9F980-1B78-4F8D-9E5C-7C1F3F80F11E}.Release|Any CPU.ActiveCfg = Release|Any CPU
		{BAA9F980-1B78-4F8D-9E5C-7C1F3F80F11E}.Release|Any CPU.Build.0 = Release|Any CPU
		{467263A0-D6C2-4134-9EF7-2C1880408599}.Debug|Any CPU.ActiveCfg = Debug|Any CPU
		{467263A0-D6C2-4134-9EF7-2C1880408599}.Debug|Any CPU.Build.0 = Debug|Any CPU
		{467263A0-D6C2-4134-9EF7-2C1880408599}.Release|Any CPU.ActiveCfg = Release|Any CPU
		{467263A0-D6C2-4134-9EF7-2C1880408599}.Release|Any CPU.Build.0 = Release|Any CPU
		{012140CB-2110-428B-BAD7-A1BEA58D6CA2}.Debug|Any CPU.ActiveCfg = Debug|Any CPU
		{012140CB-2110-428B-BAD7-A1BEA58D6CA2}.Debug|Any CPU.Build.0 = Debug|Any CPU
		{012140CB-2110-428B-BAD7-A1BEA58D6CA2}.Release|Any CPU.ActiveCfg = Release|Any CPU
		{012140CB-2110-428B-BAD7-A1BEA58D6CA2}.Release|Any CPU.Build.0 = Release|Any CPU
		{8EC2B19C-74EE-4F15-8666-11153C090746}.Debug|Any CPU.ActiveCfg = Debug|Any CPU
		{8EC2B19C-74EE-4F15-8666-11153C090746}.Debug|Any CPU.Build.0 = Debug|Any CPU
		{8EC2B19C-74EE-4F15-8666-11153C090746}.Release|Any CPU.ActiveCfg = Release|Any CPU
		{8EC2B19C-74EE-4F15-8666-11153C090746}.Release|Any CPU.Build.0 = Release|Any CPU
		{35BA2245-9DFF-4F73-885E-1594FBAF97E8}.Debug|Any CPU.ActiveCfg = Debug|Any CPU
		{35BA2245-9DFF-4F73-885E-1594FBAF97E8}.Debug|Any CPU.Build.0 = Debug|Any CPU
		{35BA2245-9DFF-4F73-885E-1594FBAF97E8}.Release|Any CPU.ActiveCfg = Release|Any CPU
		{35BA2245-9DFF-4F73-885E-1594FBAF97E8}.Release|Any CPU.Build.0 = Release|Any CPU
		{54F4908F-7F17-4242-845C-2D98882C66F0}.Debug|Any CPU.ActiveCfg = Debug|Any CPU
		{54F4908F-7F17-4242-845C-2D98882C66F0}.Debug|Any CPU.Build.0 = Debug|Any CPU
		{54F4908F-7F17-4242-845C-2D98882C66F0}.Release|Any CPU.ActiveCfg = Release|Any CPU
		{54F4908F-7F17-4242-845C-2D98882C66F0}.Release|Any CPU.Build.0 = Release|Any CPU
		{62545008-CE94-4C7C-87A9-5A9F05D89581}.Debug|Any CPU.ActiveCfg = Debug|Any CPU
		{62545008-CE94-4C7C-87A9-5A9F05D89581}.Debug|Any CPU.Build.0 = Debug|Any CPU
		{62545008-CE94-4C7C-87A9-5A9F05D89581}.Release|Any CPU.ActiveCfg = Release|Any CPU
		{62545008-CE94-4C7C-87A9-5A9F05D89581}.Release|Any CPU.Build.0 = Release|Any CPU
		{7FABB4E2-E29E-450F-9716-05F7BAB5F098}.Debug|Any CPU.ActiveCfg = Debug|Any CPU
		{7FABB4E2-E29E-450F-9716-05F7BAB5F098}.Debug|Any CPU.Build.0 = Debug|Any CPU
		{7FABB4E2-E29E-450F-9716-05F7BAB5F098}.Release|Any CPU.ActiveCfg = Release|Any CPU
		{7FABB4E2-E29E-450F-9716-05F7BAB5F098}.Release|Any CPU.Build.0 = Release|Any CPU
		{64B393B4-CC72-4C3D-879D-6EAA5E8899C0}.Debug|Any CPU.ActiveCfg = Debug|Any CPU
		{64B393B4-CC72-4C3D-879D-6EAA5E8899C0}.Debug|Any CPU.Build.0 = Debug|Any CPU
		{64B393B4-CC72-4C3D-879D-6EAA5E8899C0}.Release|Any CPU.ActiveCfg = Release|Any CPU
		{64B393B4-CC72-4C3D-879D-6EAA5E8899C0}.Release|Any CPU.Build.0 = Release|Any CPU
		{0E9676B3-778E-4FDE-A501-C7751453EE47}.Debug|Any CPU.ActiveCfg = Debug|Any CPU
		{0E9676B3-778E-4FDE-A501-C7751453EE47}.Debug|Any CPU.Build.0 = Debug|Any CPU
		{0E9676B3-778E-4FDE-A501-C7751453EE47}.Release|Any CPU.ActiveCfg = Release|Any CPU
		{0E9676B3-778E-4FDE-A501-C7751453EE47}.Release|Any CPU.Build.0 = Release|Any CPU
		{EA2ED19F-1941-499A-83BA-7E0E14165407}.Debug|Any CPU.ActiveCfg = Debug|Any CPU
		{EA2ED19F-1941-499A-83BA-7E0E14165407}.Debug|Any CPU.Build.0 = Debug|Any CPU
		{EA2ED19F-1941-499A-83BA-7E0E14165407}.Release|Any CPU.ActiveCfg = Release|Any CPU
		{EA2ED19F-1941-499A-83BA-7E0E14165407}.Release|Any CPU.Build.0 = Release|Any CPU
		{029C75F7-7C70-48D9-9B77-8095CF245C02}.Debug|Any CPU.ActiveCfg = Debug|Any CPU
		{029C75F7-7C70-48D9-9B77-8095CF245C02}.Debug|Any CPU.Build.0 = Debug|Any CPU
		{029C75F7-7C70-48D9-9B77-8095CF245C02}.Release|Any CPU.ActiveCfg = Release|Any CPU
		{029C75F7-7C70-48D9-9B77-8095CF245C02}.Release|Any CPU.Build.0 = Release|Any CPU
		{612EF70C-F8D1-4521-BCBB-569CBA4B9CEF}.Debug|Any CPU.ActiveCfg = Debug|Any CPU
		{612EF70C-F8D1-4521-BCBB-569CBA4B9CEF}.Debug|Any CPU.Build.0 = Debug|Any CPU
		{612EF70C-F8D1-4521-BCBB-569CBA4B9CEF}.Release|Any CPU.ActiveCfg = Release|Any CPU
		{612EF70C-F8D1-4521-BCBB-569CBA4B9CEF}.Release|Any CPU.Build.0 = Release|Any CPU
		{40E50056-FDAA-41AC-B8C8-AF3338EC4BCC}.Debug|Any CPU.ActiveCfg = Debug|Any CPU
		{40E50056-FDAA-41AC-B8C8-AF3338EC4BCC}.Debug|Any CPU.Build.0 = Debug|Any CPU
		{40E50056-FDAA-41AC-B8C8-AF3338EC4BCC}.Release|Any CPU.ActiveCfg = Release|Any CPU
		{40E50056-FDAA-41AC-B8C8-AF3338EC4BCC}.Release|Any CPU.Build.0 = Release|Any CPU
		{3E92FC93-32EE-44CB-B49A-6B5A5C7B8B72}.Debug|Any CPU.ActiveCfg = Debug|Any CPU
		{3E92FC93-32EE-44CB-B49A-6B5A5C7B8B72}.Debug|Any CPU.Build.0 = Debug|Any CPU
		{3E92FC93-32EE-44CB-B49A-6B5A5C7B8B72}.Release|Any CPU.ActiveCfg = Release|Any CPU
		{3E92FC93-32EE-44CB-B49A-6B5A5C7B8B72}.Release|Any CPU.Build.0 = Release|Any CPU
		{680E709D-A70A-43F5-9C45-8D9CE65BE191}.Debug|Any CPU.ActiveCfg = Debug|Any CPU
		{680E709D-A70A-43F5-9C45-8D9CE65BE191}.Debug|Any CPU.Build.0 = Debug|Any CPU
		{680E709D-A70A-43F5-9C45-8D9CE65BE191}.Release|Any CPU.ActiveCfg = Release|Any CPU
		{680E709D-A70A-43F5-9C45-8D9CE65BE191}.Release|Any CPU.Build.0 = Release|Any CPU
		{008E674A-7E65-47FA-B9E7-080C7A4F0AF5}.Debug|Any CPU.ActiveCfg = Debug|Any CPU
		{008E674A-7E65-47FA-B9E7-080C7A4F0AF5}.Debug|Any CPU.Build.0 = Debug|Any CPU
		{008E674A-7E65-47FA-B9E7-080C7A4F0AF5}.Release|Any CPU.ActiveCfg = Release|Any CPU
		{008E674A-7E65-47FA-B9E7-080C7A4F0AF5}.Release|Any CPU.Build.0 = Release|Any CPU
		{C04426AF-1CEC-4F7C-A873-BD6ADF6A4CFF}.Debug|Any CPU.ActiveCfg = Debug|Any CPU
		{C04426AF-1CEC-4F7C-A873-BD6ADF6A4CFF}.Debug|Any CPU.Build.0 = Debug|Any CPU
		{C04426AF-1CEC-4F7C-A873-BD6ADF6A4CFF}.Release|Any CPU.ActiveCfg = Release|Any CPU
		{C04426AF-1CEC-4F7C-A873-BD6ADF6A4CFF}.Release|Any CPU.Build.0 = Release|Any CPU
		{E537D77E-8EE1-478B-B62E-B335A6CF9776}.Debug|Any CPU.ActiveCfg = Debug|Any CPU
		{E537D77E-8EE1-478B-B62E-B335A6CF9776}.Debug|Any CPU.Build.0 = Debug|Any CPU
		{E537D77E-8EE1-478B-B62E-B335A6CF9776}.Release|Any CPU.ActiveCfg = Release|Any CPU
		{E537D77E-8EE1-478B-B62E-B335A6CF9776}.Release|Any CPU.Build.0 = Release|Any CPU
		{26E665D8-7BD8-474E-9338-C878B5C377C3}.Debug|Any CPU.ActiveCfg = Debug|Any CPU
		{26E665D8-7BD8-474E-9338-C878B5C377C3}.Debug|Any CPU.Build.0 = Debug|Any CPU
		{26E665D8-7BD8-474E-9338-C878B5C377C3}.Release|Any CPU.ActiveCfg = Release|Any CPU
		{26E665D8-7BD8-474E-9338-C878B5C377C3}.Release|Any CPU.Build.0 = Release|Any CPU
		{37224580-24A0-499F-B6DB-B19BAA5DB5F2}.Debug|Any CPU.ActiveCfg = Debug|Any CPU
		{37224580-24A0-499F-B6DB-B19BAA5DB5F2}.Debug|Any CPU.Build.0 = Debug|Any CPU
		{37224580-24A0-499F-B6DB-B19BAA5DB5F2}.Release|Any CPU.ActiveCfg = Release|Any CPU
		{37224580-24A0-499F-B6DB-B19BAA5DB5F2}.Release|Any CPU.Build.0 = Release|Any CPU
		{6DB50B30-3D9F-4C5E-B3F7-789D167DAE3E}.Debug|Any CPU.ActiveCfg = Debug|Any CPU
		{6DB50B30-3D9F-4C5E-B3F7-789D167DAE3E}.Debug|Any CPU.Build.0 = Debug|Any CPU
		{6DB50B30-3D9F-4C5E-B3F7-789D167DAE3E}.Release|Any CPU.ActiveCfg = Release|Any CPU
		{6DB50B30-3D9F-4C5E-B3F7-789D167DAE3E}.Release|Any CPU.Build.0 = Release|Any CPU
		{87CE5F20-7071-4922-930D-AA481CC48E59}.Debug|Any CPU.ActiveCfg = Debug|Any CPU
		{87CE5F20-7071-4922-930D-AA481CC48E59}.Debug|Any CPU.Build.0 = Debug|Any CPU
		{87CE5F20-7071-4922-930D-AA481CC48E59}.Release|Any CPU.ActiveCfg = Release|Any CPU
		{87CE5F20-7071-4922-930D-AA481CC48E59}.Release|Any CPU.Build.0 = Release|Any CPU
		{60C47E84-5978-4E70-8791-23F58324A1E8}.Debug|Any CPU.ActiveCfg = Debug|Any CPU
		{60C47E84-5978-4E70-8791-23F58324A1E8}.Debug|Any CPU.Build.0 = Debug|Any CPU
		{60C47E84-5978-4E70-8791-23F58324A1E8}.Release|Any CPU.ActiveCfg = Release|Any CPU
		{60C47E84-5978-4E70-8791-23F58324A1E8}.Release|Any CPU.Build.0 = Release|Any CPU
	EndGlobalSection
	GlobalSection(SolutionProperties) = preSolution
		HideSolutionNode = FALSE
	EndGlobalSection
	GlobalSection(NestedProjects) = preSolution
		{B12D1208-CD4B-4999-9DD8-4729CA4EA355} = {395C87F6-2503-4461-8958-0A51C2B7BAE3}
		{66B955AC-0343-4E2A-9797-D0D914E12F57} = {395C87F6-2503-4461-8958-0A51C2B7BAE3}
		{E5E8EF2C-2C93-4CDA-9076-8460DA8D7717} = {395C87F6-2503-4461-8958-0A51C2B7BAE3}
		{F548906C-3F3E-4083-8C36-0FFD17B8DD7D} = {395C87F6-2503-4461-8958-0A51C2B7BAE3}
		{4D5897DD-FAD7-4458-AB75-BF6B2E94F761} = {395C87F6-2503-4461-8958-0A51C2B7BAE3}
		{A6B2458A-1591-451F-806B-51E12DEE3E65} = {395C87F6-2503-4461-8958-0A51C2B7BAE3}
		{864A53BB-3C47-490C-91F5-52633ED9A168} = {B6A4B27E-5CDB-4B59-8B64-DAE76ABE99E8}
		{598BC609-8213-4701-90A7-0D589F18BCD2} = {B6A4B27E-5CDB-4B59-8B64-DAE76ABE99E8}
		{10F34228-EC1D-458C-9C83-1AD23F31EC18} = {B6A4B27E-5CDB-4B59-8B64-DAE76ABE99E8}
		{81B1B680-2C47-4F13-A018-AA88246AD2AC} = {B6A4B27E-5CDB-4B59-8B64-DAE76ABE99E8}
		{61155255-B933-4F5A-A461-DBF2FC432849} = {B6A4B27E-5CDB-4B59-8B64-DAE76ABE99E8}
		{5E8F2B3B-3B7A-4739-91C8-DE728F3BE3F7} = {D23CC7C5-D9D4-4064-AD56-ABF5B0CB07BC}
		{9411CEB9-5E60-4799-AB5D-B2A2DBA393A6} = {D23CC7C5-D9D4-4064-AD56-ABF5B0CB07BC}
		{4E41F2AB-CD1C-40EB-A9A2-A3A68B4F53C6} = {D23CC7C5-D9D4-4064-AD56-ABF5B0CB07BC}
		{677A6726-1B4B-4E08-AC26-F7A438CB2CE3} = {D23CC7C5-D9D4-4064-AD56-ABF5B0CB07BC}
		{262FAF4C-C98C-4A91-8780-CCE3411EDB06} = {D23CC7C5-D9D4-4064-AD56-ABF5B0CB07BC}
		{B948A993-F7AA-45A8-AD76-B0D0B6CB332F} = {D23CC7C5-D9D4-4064-AD56-ABF5B0CB07BC}
		{436049F2-6A35-4491-A389-237F13DDD0A1} = {D23CC7C5-D9D4-4064-AD56-ABF5B0CB07BC}
		{5BCC6727-0B36-4BEE-8AA8-13EADC6E24D4} = {B6A4B27E-5CDB-4B59-8B64-DAE76ABE99E8}
		{6CB1E659-00E5-4FBC-BD77-BA160CB2D6FC} = {F63D35A7-FF33-482A-8C4B-FC15B5BAE257}
		{475B3F6D-4AEA-413E-BD9A-CB1AC053C531} = {F63D35A7-FF33-482A-8C4B-FC15B5BAE257}
		{8F5A3ECA-74DB-471C-9614-E3ED52078C1F} = {F63D35A7-FF33-482A-8C4B-FC15B5BAE257}
		{EF358E40-F9A8-4F8C-BCF7-6B20CD3DE1EE} = {F63D35A7-FF33-482A-8C4B-FC15B5BAE257}
		{51C6DB97-E5B4-4809-A375-3BF230B87C46} = {F63D35A7-FF33-482A-8C4B-FC15B5BAE257}
		{E42F0C10-0133-4BB6-A7A4-40EF3D6A1A08} = {F63D35A7-FF33-482A-8C4B-FC15B5BAE257}
		{3FFB7477-5C20-430D-9F32-310B229CD846} = {F63D35A7-FF33-482A-8C4B-FC15B5BAE257}
		{59FA2BEE-2850-4D99-A67C-59DA4D36CB37} = {F63D35A7-FF33-482A-8C4B-FC15B5BAE257}
		{77CF8E84-F946-4184-B4FC-C94FA9C0DD29} = {F63D35A7-FF33-482A-8C4B-FC15B5BAE257}
		{324128FD-03F3-450C-B6DA-492346C7DBED} = {F63D35A7-FF33-482A-8C4B-FC15B5BAE257}
		{202D2D07-16E4-40C8-8A75-B58294ECF53F} = {F63D35A7-FF33-482A-8C4B-FC15B5BAE257}
		{B99BEBCA-F346-4D61-AED2-C12564B1272B} = {F63D35A7-FF33-482A-8C4B-FC15B5BAE257}
		{0EE69BA0-F874-463D-A3FF-5AB801BA1CB4} = {F63D35A7-FF33-482A-8C4B-FC15B5BAE257}
		{BAA9F980-1B78-4F8D-9E5C-7C1F3F80F11E} = {B60D7C9C-DF26-4EA2-A223-D04C3C3C9017}
		{467263A0-D6C2-4134-9EF7-2C1880408599} = {B60D7C9C-DF26-4EA2-A223-D04C3C3C9017}
		{012140CB-2110-428B-BAD7-A1BEA58D6CA2} = {B60D7C9C-DF26-4EA2-A223-D04C3C3C9017}
		{8EC2B19C-74EE-4F15-8666-11153C090746} = {B60D7C9C-DF26-4EA2-A223-D04C3C3C9017}
		{35BA2245-9DFF-4F73-885E-1594FBAF97E8} = {B60D7C9C-DF26-4EA2-A223-D04C3C3C9017}
		{54F4908F-7F17-4242-845C-2D98882C66F0} = {B60D7C9C-DF26-4EA2-A223-D04C3C3C9017}
		{62545008-CE94-4C7C-87A9-5A9F05D89581} = {B60D7C9C-DF26-4EA2-A223-D04C3C3C9017}
		{7FABB4E2-E29E-450F-9716-05F7BAB5F098} = {B60D7C9C-DF26-4EA2-A223-D04C3C3C9017}
		{64B393B4-CC72-4C3D-879D-6EAA5E8899C0} = {B60D7C9C-DF26-4EA2-A223-D04C3C3C9017}
		{0E9676B3-778E-4FDE-A501-C7751453EE47} = {B60D7C9C-DF26-4EA2-A223-D04C3C3C9017}
		{EA2ED19F-1941-499A-83BA-7E0E14165407} = {B60D7C9C-DF26-4EA2-A223-D04C3C3C9017}
		{029C75F7-7C70-48D9-9B77-8095CF245C02} = {B60D7C9C-DF26-4EA2-A223-D04C3C3C9017}
		{612EF70C-F8D1-4521-BCBB-569CBA4B9CEF} = {B60D7C9C-DF26-4EA2-A223-D04C3C3C9017}
		{40E50056-FDAA-41AC-B8C8-AF3338EC4BCC} = {B60D7C9C-DF26-4EA2-A223-D04C3C3C9017}
		{3E92FC93-32EE-44CB-B49A-6B5A5C7B8B72} = {B60D7C9C-DF26-4EA2-A223-D04C3C3C9017}
		{680E709D-A70A-43F5-9C45-8D9CE65BE191} = {B60D7C9C-DF26-4EA2-A223-D04C3C3C9017}
		{008E674A-7E65-47FA-B9E7-080C7A4F0AF5} = {B60D7C9C-DF26-4EA2-A223-D04C3C3C9017}
		{C04426AF-1CEC-4F7C-A873-BD6ADF6A4CFF} = {B60D7C9C-DF26-4EA2-A223-D04C3C3C9017}
		{E537D77E-8EE1-478B-B62E-B335A6CF9776} = {B60D7C9C-DF26-4EA2-A223-D04C3C3C9017}
		{26E665D8-7BD8-474E-9338-C878B5C377C3} = {B60D7C9C-DF26-4EA2-A223-D04C3C3C9017}
		{37224580-24A0-499F-B6DB-B19BAA5DB5F2} = {88287584-6FDE-4C65-9CBB-99870A6AF546}
		{6DB50B30-3D9F-4C5E-B3F7-789D167DAE3E} = {88287584-6FDE-4C65-9CBB-99870A6AF546}
		{87CE5F20-7071-4922-930D-AA481CC48E59} = {88287584-6FDE-4C65-9CBB-99870A6AF546}
		{60C47E84-5978-4E70-8791-23F58324A1E8} = {88287584-6FDE-4C65-9CBB-99870A6AF546}
	EndGlobalSection
	GlobalSection(ExtensibilityGlobals) = postSolution
		SolutionGuid = {9252FB82-DDB2-43AD-B5C0-3F2C16FBEFCD}
	EndGlobalSection
EndGlobal
